
Microsoft Visual Studio Solution File, Format Version 12.00
# Visual Studio Version 16
VisualStudioVersion = 16.0.30523.141
MinimumVisualStudioVersion = 10.0.40219.1
Project("{FAE04EC0-301F-11D3-BF4B-00C04F79EFBC}") = "VueJwt", "VueJwt.csproj", "{5A8C35E8-B5F7-4374-8378-2DDDB16538F6}"
EndProject
Global
	GlobalSection(SolutionConfigurationPlatforms) = preSolution
		Debug|Any CPU = Debug|Any CPU
		Release|Any CPU = Release|Any CPU
	EndGlobalSection
	GlobalSection(ProjectConfigurationPlatforms) = postSolution
		{5A8C35E8-B5F7-4374-8378-2DDDB16538F6}.Debug|Any CPU.ActiveCfg = Debug|Any CPU
		{5A8C35E8-B5F7-4374-8378-2DDDB16538F6}.Debug|Any CPU.Build.0 = Debug|Any CPU
		{5A8C35E8-B5F7-4374-8378-2DDDB16538F6}.Release|Any CPU.ActiveCfg = Release|Any CPU
		{5A8C35E8-B5F7-4374-8378-2DDDB16538F6}.Release|Any CPU.Build.0 = Release|Any CPU
	EndGlobalSection
	GlobalSection(SolutionProperties) = preSolution
		HideSolutionNode = FALSE
	EndGlobalSection
	GlobalSection(ExtensibilityGlobals) = postSolution
		SolutionGuid = {CAAFFF23-B891-4C6A-B4D4-5CDF92E4929D}
	EndGlobalSection
EndGlobal
